
Microsoft Visual Studio Solution File, Format Version 12.00
# Visual Studio Version 17
VisualStudioVersion = 17.0.31903.59
MinimumVisualStudioVersion = 10.0.40219.1
Project("{2150E333-8FDC-42A3-9474-1A3956D46DE8}") = "src", "src", "{827E0CD3-B72D-47B6-A68D-7590B98EB39B}"
EndProject
Project("{FAE04EC0-301F-11D3-BF4B-00C04F79EFBC}") = "CodeCompass.Core", "src\CodeCompass.Core\CodeCompass.Core.csproj", "{0C1436C8-FBB9-45E5-B4C9-B3A79BAD9301}"
EndProject
Project("{FAE04EC0-301F-11D3-BF4B-00C04F79EFBC}") = "CodeCompass.Parsing", "src\CodeCompass.Parsing\CodeCompass.Parsing.csproj", "{1780134D-C509-4388-92DD-975C5892C9EC}"
EndProject
Project("{FAE04EC0-301F-11D3-BF4B-00C04F79EFBC}") = "CodeCompass.Chunking", "src\CodeCompass.Chunking\CodeCompass.Chunking.csproj", "{DC1A1601-F95D-489E-9AD2-87600B3BD85B}"
EndProject
Project("{FAE04EC0-301F-11D3-BF4B-00C04F79EFBC}") = "CodeCompass.Embedding", "src\CodeCompass.Embedding\CodeCompass.Embedding.csproj", "{F92DB0F4-6465-4760-A45A-2D4315760B99}"
EndProject
Project("{FAE04EC0-301F-11D3-BF4B-00C04F79EFBC}") = "CodeCompass.Storage", "src\CodeCompass.Storage\CodeCompass.Storage.csproj", "{FBD8E590-107B-4002-8EA2-48B971284282}"
EndProject
Project("{FAE04EC0-301F-11D3-BF4B-00C04F79EFBC}") = "CodeCompass.Search", "src\CodeCompass.Search\CodeCompass.Search.csproj", "{2CB0F7F4-3594-42BA-AA7A-B689471DE498}"
EndProject
Project("{FAE04EC0-301F-11D3-BF4B-00C04F79EFBC}") = "CodeCompass.Indexing", "src\CodeCompass.Indexing\CodeCompass.Indexing.csproj", "{FA255A90-6F34-47B2-9F98-881F4C57F3A6}"
EndProject
Project("{FAE04EC0-301F-11D3-BF4B-00C04F79EFBC}") = "CodeCompass.Pipeline", "src\CodeCompass.Pipeline\CodeCompass.Pipeline.csproj", "{465A80D6-705C-4051-A40C-B433182066F9}"
EndProject
Project("{2150E333-8FDC-42A3-9474-1A3956D46DE8}") = "tests", "tests", "{0AB3BF05-4346-4AA6-1389-037BE0695223}"
EndProject
Project("{FAE04EC0-301F-11D3-BF4B-00C04F79EFBC}") = "CodeCompass.Tests.Unit", "tests\CodeCompass.Tests.Unit\CodeCompass.Tests.Unit.csproj", "{ED583637-D18B-4866-BE4C-D0C80EA754AA}"
EndProject
Project("{FAE04EC0-301F-11D3-BF4B-00C04F79EFBC}") = "CodeCompass.Tests.Property", "tests\CodeCompass.Tests.Property\CodeCompass.Tests.Property.csproj", "{881970AB-F5A1-468A-A3DA-5BA6F6B3BFF3}"
EndProject
Project("{FAE04EC0-301F-11D3-BF4B-00C04F79EFBC}") = "CodeCompass.Tests.Integration", "tests\CodeCompass.Tests.Integration\CodeCompass.Tests.Integration.csproj", "{A631045E-901A-4AB3-81E7-B221AB3818A4}"
EndProject
Global
	GlobalSection(SolutionConfigurationPlatforms) = preSolution
		Debug|Any CPU = Debug|Any CPU
		Debug|x64 = Debug|x64
		Debug|x86 = Debug|x86
		Release|Any CPU = Release|Any CPU
		Release|x64 = Release|x64
		Release|x86 = Release|x86
	EndGlobalSection
	GlobalSection(ProjectConfigurationPlatforms) = postSolution
		{0C1436C8-FBB9-45E5-B4C9-B3A79BAD9301}.Debug|Any CPU.ActiveCfg = Debug|Any CPU
		{0C1436C8-FBB9-45E5-B4C9-B3A79BAD9301}.Debug|Any CPU.Build.0 = Debug|Any CPU
		{0C1436C8-FBB9-45E5-B4C9-B3A79BAD9301}.Debug|x64.ActiveCfg = Debug|Any CPU
		{0C1436C8-FBB9-45E5-B4C9-B3A79BAD9301}.Debug|x64.Build.0 = Debug|Any CPU
		{0C1436C8-FBB9-45E5-B4C9-B3A79BAD9301}.Debug|x86.ActiveCfg = Debug|Any CPU
		{0C1436C8-FBB9-45E5-B4C9-B3A79BAD9301}.Debug|x86.Build.0 = Debug|Any CPU
		{0C1436C8-FBB9-45E5-B4C9-B3A79BAD9301}.Release|Any CPU.ActiveCfg = Release|Any CPU
		{0C1436C8-FBB9-45E5-B4C9-B3A79BAD9301}.Release|Any CPU.Build.0 = Release|Any CPU
		{0C1436C8-FBB9-45E5-B4C9-B3A79BAD9301}.Release|x64.ActiveCfg = Release|Any CPU
		{0C1436C8-FBB9-45E5-B4C9-B3A79BAD9301}.Release|x64.Build.0 = Release|Any CPU
		{0C1436C8-FBB9-45E5-B4C9-B3A79BAD9301}.Release|x86.ActiveCfg = Release|Any CPU
		{0C1436C8-FBB9-45E5-B4C9-B3A79BAD9301}.Release|x86.Build.0 = Release|Any CPU
		{1780134D-C509-4388-92DD-975C5892C9EC}.Debug|Any CPU.ActiveCfg = Debug|Any CPU
		{1780134D-C509-4388-92DD-975C5892C9EC}.Debug|Any CPU.Build.0 = Debug|Any CPU
		{1780134D-C509-4388-92DD-975C5892C9EC}.Debug|x64.ActiveCfg = Debug|Any CPU
		{1780134D-C509-4388-92DD-975C5892C9EC}.Debug|x64.Build.0 = Debug|Any CPU
		{1780134D-C509-4388-92DD-975C5892C9EC}.Debug|x86.ActiveCfg = Debug|Any CPU
		{1780134D-C509-4388-92DD-975C5892C9EC}.Debug|x86.Build.0 = Debug|Any CPU
		{1780134D-C509-4388-92DD-975C5892C9EC}.Release|Any CPU.ActiveCfg = Release|Any CPU
		{1780134D-C509-4388-92DD-975C5892C9EC}.Release|Any CPU.Build.0 = Release|Any CPU
		{1780134D-C509-4388-92DD-975C5892C9EC}.Release|x64.ActiveCfg = Release|Any CPU
		{1780134D-C509-4388-92DD-975C5892C9EC}.Release|x64.Build.0 = Release|Any CPU
		{1780134D-C509-4388-92DD-975C5892C9EC}.Release|x86.ActiveCfg = Release|Any CPU
		{1780134D-C509-4388-92DD-975C5892C9EC}.Release|x86.Build.0 = Release|Any CPU
		{DC1A1601-F95D-489E-9AD2-87600B3BD85B}.Debug|Any CPU.ActiveCfg = Debug|Any CPU
		{DC1A1601-F95D-489E-9AD2-87600B3BD85B}.Debug|Any CPU.Build.0 = Debug|Any CPU
		{DC1A1601-F95D-489E-9AD2-87600B3BD85B}.Debug|x64.ActiveCfg = Debug|Any CPU
		{DC1A1601-F95D-489E-9AD2-87600B3BD85B}.Debug|x64.Build.0 = Debug|Any CPU
		{DC1A1601-F95D-489E-9AD2-87600B3BD85B}.Debug|x86.ActiveCfg = Debug|Any CPU
		{DC1A1601-F95D-489E-9AD2-87600B3BD85B}.Debug|x86.Build.0 = Debug|Any CPU
		{DC1A1601-F95D-489E-9AD2-87600B3BD85B}.Release|Any CPU.ActiveCfg = Release|Any CPU
		{DC1A1601-F95D-489E-9AD2-87600B3BD85B}.Release|Any CPU.Build.0 = Release|Any CPU
		{DC1A1601-F95D-489E-9AD2-87600B3BD85B}.Release|x64.ActiveCfg = Release|Any CPU
		{DC1A1601-F95D-489E-9AD2-87600B3BD85B}.Release|x64.Build.0 = Release|Any CPU
		{DC1A1601-F95D-489E-9AD2-87600B3BD85B}.Release|x86.ActiveCfg = Release|Any CPU
		{DC1A1601-F95D-489E-9AD2-87600B3BD85B}.Release|x86.Build.0 = Release|Any CPU
		{F92DB0F4-6465-4760-A45A-2D4315760B99}.Debug|Any CPU.ActiveCfg = Debug|Any CPU
		{F92DB0F4-6465-4760-A45A-2D4315760B99}.Debug|Any CPU.Build.0 = Debug|Any CPU
		{F92DB0F4-6465-4760-A45A-2D4315760B99}.Debug|x64.ActiveCfg = Debug|Any CPU
		{F92DB0F4-6465-4760-A45A-2D4315760B99}.Debug|x64.Build.0 = Debug|Any CPU
		{F92DB0F4-6465-4760-A45A-2D4315760B99}.Debug|x86.ActiveCfg = Debug|Any CPU
		{F92DB0F4-6465-4760-A45A-2D4315760B99}.Debug|x86.Build.0 = Debug|Any CPU
		{F92DB0F4-6465-4760-A45A-2D4315760B99}.Release|Any CPU.ActiveCfg = Release|Any CPU
		{F92DB0F4-6465-4760-A45A-2D4315760B99}.Release|Any CPU.Build.0 = Release|Any CPU
		{F92DB0F4-6465-4760-A45A-2D4315760B99}.Release|x64.ActiveCfg = Release|Any CPU
		{F92DB0F4-6465-4760-A45A-2D4315760B99}.Release|x64.Build.0 = Release|Any CPU
		{F92DB0F4-6465-4760-A45A-2D4315760B99}.Release|x86.ActiveCfg = Release|Any CPU
		{F92DB0F4-6465-4760-A45A-2D4315760B99}.Release|x86.Build.0 = Release|Any CPU
		{FBD8E590-107B-4002-8EA2-48B971284282}.Debug|Any CPU.ActiveCfg = Debug|Any CPU
		{FBD8E590-107B-4002-8EA2-48B971284282}.Debug|Any CPU.Build.0 = Debug|Any CPU
		{FBD8E590-107B-4002-8EA2-48B971284282}.Debug|x64.ActiveCfg = Debug|Any CPU
		{FBD8E590-107B-4002-8EA2-48B971284282}.Debug|x64.Build.0 = Debug|Any CPU
		{FBD8E590-107B-4002-8EA2-48B971284282}.Debug|x86.ActiveCfg = Debug|Any CPU
		{FBD8E590-107B-4002-8EA2-48B971284282}.Debug|x86.Build.0 = Debug|Any CPU
		{FBD8E590-107B-4002-8EA2-48B971284282}.Release|Any CPU.ActiveCfg = Release|Any CPU
		{FBD8E590-107B-4002-8EA2-48B971284282}.Release|Any CPU.Build.0 = Release|Any CPU
		{FBD8E590-107B-4002-8EA2-48B971284282}.Release|x64.ActiveCfg = Release|Any CPU
		{FBD8E590-107B-4002-8EA2-48B971284282}.Release|x64.Build.0 = Release|Any CPU
		{FBD8E590-107B-4002-8EA2-48B971284282}.Release|x86.ActiveCfg = Release|Any CPU
		{FBD8E590-107B-4002-8EA2-48B971284282}.Release|x86.Build.0 = Release|Any CPU
		{2CB0F7F4-3594-42BA-AA7A-B689471DE498}.Debug|Any CPU.ActiveCfg = Debug|Any CPU
		{2CB0F7F4-3594-42BA-AA7A-B689471DE498}.Debug|Any CPU.Build.0 = Debug|Any CPU
		{2CB0F7F4-3594-42BA-AA7A-B689471DE498}.Debug|x64.ActiveCfg = Debug|Any CPU
		{2CB0F7F4-3594-42BA-AA7A-B689471DE498}.Debug|x64.Build.0 = Debug|Any CPU
		{2CB0F7F4-3594-42BA-AA7A-B689471DE498}.Debug|x86.ActiveCfg = Debug|Any CPU
		{2CB0F7F4-3594-42BA-AA7A-B689471DE498}.Debug|x86.Build.0 = Debug|Any CPU
		{2CB0F7F4-3594-42BA-AA7A-B689471DE498}.Release|Any CPU.ActiveCfg = Release|Any CPU
		{2CB0F7F4-3594-42BA-AA7A-B689471DE498}.Release|Any CPU.Build.0 = Release|Any CPU
		{2CB0F7F4-3594-42BA-AA7A-B689471DE498}.Release|x64.ActiveCfg = Release|Any CPU
		{2CB0F7F4-3594-42BA-AA7A-B689471DE498}.Release|x64.Build.0 = Release|Any CPU
		{2CB0F7F4-3594-42BA-AA7A-B689471DE498}.Release|x86.ActiveCfg = Release|Any CPU
		{2CB0F7F4-3594-42BA-AA7A-B689471DE498}.Release|x86.Build.0 = Release|Any CPU
		{FA255A90-6F34-47B2-9F98-881F4C57F3A6}.Debug|Any CPU.ActiveCfg = Debug|Any CPU
		{FA255A90-6F34-47B2-9F98-881F4C57F3A6}.Debug|Any CPU.Build.0 = Debug|Any CPU
		{FA255A90-6F34-47B2-9F98-881F4C57F3A6}.Debug|x64.ActiveCfg = Debug|Any CPU
		{FA255A90-6F34-47B2-9F98-881F4C57F3A6}.Debug|x64.Build.0 = Debug|Any CPU
		{FA255A90-6F34-47B2-9F98-881F4C57F3A6}.Debug|x86.ActiveCfg = Debug|Any CPU
		{FA255A90-6F34-47B2-9F98-881F4C57F3A6}.Debug|x86.Build.0 = Debug|Any CPU
		{FA255A90-6F34-47B2-9F98-881F4C57F3A6}.Release|Any CPU.ActiveCfg = Release|Any CPU
		{FA255A90-6F34-47B2-9F98-881F4C57F3A6}.Release|Any CPU.Build.0 = Release|Any CPU
		{FA255A90-6F34-47B2-9F98-881F4C57F3A6}.Release|x64.ActiveCfg = Release|Any CPU
		{FA255A90-6F34-47B2-9F98-881F4C57F3A6}.Release|x64.Build.0 = Release|Any CPU
		{FA255A90-6F34-47B2-9F98-881F4C57F3A6}.Release|x86.ActiveCfg = Release|Any CPU
		{FA255A90-6F34-47B2-9F98-881F4C57F3A6}.Release|x86.Build.0 = Release|Any CPU
		{465A80D6-705C-4051-A40C-B433182066F9}.Debug|Any CPU.ActiveCfg = Debug|Any CPU
		{465A80D6-705C-4051-A40C-B433182066F9}.Debug|Any CPU.Build.0 = Debug|Any CPU
		{465A80D6-705C-4051-A40C-B433182066F9}.Debug|x64.ActiveCfg = Debug|Any CPU
		{465A80D6-705C-4051-A40C-B433182066F9}.Debug|x64.Build.0 = Debug|Any CPU
		{465A80D6-705C-4051-A40C-B433182066F9}.Debug|x86.ActiveCfg = Debug|Any CPU
		{465A80D6-705C-4051-A40C-B433182066F9}.Debug|x86.Build.0 = Debug|Any CPU
		{465A80D6-705C-4051-A40C-B433182066F9}.Release|Any CPU.ActiveCfg = Release|Any CPU
		{465A80D6-705C-4051-A40C-B433182066F9}.Release|Any CPU.Build.0 = Release|Any CPU
		{465A80D6-705C-4051-A40C-B433182066F9}.Release|x64.ActiveCfg = Release|Any CPU
		{465A80D6-705C-4051-A40C-B433182066F9}.Release|x64.Build.0 = Release|Any CPU
		{465A80D6-705C-4051-A40C-B433182066F9}.Release|x86.ActiveCfg = Release|Any CPU
		{465A80D6-705C-4051-A40C-B433182066F9}.Release|x86.Build.0 = Release|Any CPU
		{ED583637-D18B-4866-BE4C-D0C80EA754AA}.Debug|Any CPU.ActiveCfg = Debug|Any CPU
		{ED583637-D18B-4866-BE4C-D0C80EA754AA}.Debug|Any CPU.Build.0 = Debug|Any CPU
		{ED583637-D18B-4866-BE4C-D0C80EA754AA}.Debug|x64.ActiveCfg = Debug|Any CPU
		{ED583637-D18B-4866-BE4C-D0C80EA754AA}.Debug|x64.Build.0 = Debug|Any CPU
		{ED583637-D18B-4866-BE4C-D0C80EA754AA}.Debug|x86.ActiveCfg = Debug|Any CPU
		{ED583637-D18B-4866-BE4C-D0C80EA754AA}.Debug|x86.Build.0 = Debug|Any CPU
		{ED583637-D18B-4866-BE4C-D0C80EA754AA}.Release|Any CPU.ActiveCfg = Release|Any CPU
		{ED583637-D18B-4866-BE4C-D0C80EA754AA}.Release|Any CPU.Build.0 = Release|Any CPU
		{ED583637-D18B-4866-BE4C-D0C80EA754AA}.Release|x64.ActiveCfg = Release|Any CPU
		{ED583637-D18B-4866-BE4C-D0C80EA754AA}.Release|x64.Build.0 = Release|Any CPU
		{ED583637-D18B-4866-BE4C-D0C80EA754AA}.Release|x86.ActiveCfg = Release|Any CPU
		{ED583637-D18B-4866-BE4C-D0C80EA754AA}.Release|x86.Build.0 = Release|Any CPU
		{881970AB-F5A1-468A-A3DA-5BA6F6B3BFF3}.Debug|Any CPU.ActiveCfg = Debug|Any CPU
		{881970AB-F5A1-468A-A3DA-5BA6F6B3BFF3}.Debug|Any CPU.Build.0 = Debug|Any CPU
		{881970AB-F5A1-468A-A3DA-5BA6F6B3BFF3}.Debug|x64.ActiveCfg = Debug|Any CPU
		{881970AB-F5A1-468A-A3DA-5BA6F6B3BFF3}.Debug|x64.Build.0 = Debug|Any CPU
		{881970AB-F5A1-468A-A3DA-5BA6F6B3BFF3}.Debug|x86.ActiveCfg = Debug|Any CPU
		{881970AB-F5A1-468A-A3DA-5BA6F6B3BFF3}.Debug|x86.Build.0 = Debug|Any CPU
		{881970AB-F5A1-468A-A3DA-5BA6F6B3BFF3}.Release|Any CPU.ActiveCfg = Release|Any CPU
		{881970AB-F5A1-468A-A3DA-5BA6F6B3BFF3}.Release|Any CPU.Build.0 = Release|Any CPU
		{881970AB-F5A1-468A-A3DA-5BA6F6B3BFF3}.Release|x64.ActiveCfg = Release|Any CPU
		{881970AB-F5A1-468A-A3DA-5BA6F6B3BFF3}.Release|x64.Build.0 = Release|Any CPU
		{881970AB-F5A1-468A-A3DA-5BA6F6B3BFF3}.Release|x86.ActiveCfg = Release|Any CPU
		{881970AB-F5A1-468A-A3DA-5BA6F6B3BFF3}.Release|x86.Build.0 = Release|Any CPU
		{A631045E-901A-4AB3-81E7-B221AB3818A4}.Debug|Any CPU.ActiveCfg = Debug|Any CPU
		{A631045E-901A-4AB3-81E7-B221AB3818A4}.Debug|Any CPU.Build.0 = Debug|Any CPU
		{A631045E-901A-4AB3-81E7-B221AB3818A4}.Debug|x64.ActiveCfg = Debug|Any CPU
		{A631045E-901A-4AB3-81E7-B221AB3818A4}.Debug|x64.Build.0 = Debug|Any CPU
		{A631045E-901A-4AB3-81E7-B221AB3818A4}.Debug|x86.ActiveCfg = Debug|Any CPU
		{A631045E-901A-4AB3-81E7-B221AB3818A4}.Debug|x86.Build.0 = Debug|Any CPU
		{A631045E-901A-4AB3-81E7-B221AB3818A4}.Release|Any CPU.ActiveCfg = Release|Any CPU
		{A631045E-901A-4AB3-81E7-B221AB3818A4}.Release|Any CPU.Build.0 = Release|Any CPU
		{A631045E-901A-4AB3-81E7-B221AB3818A4}.Release|x64.ActiveCfg = Release|Any CPU
		{A631045E-901A-4AB3-81E7-B221AB3818A4}.Release|x64.Build.0 = Release|Any CPU
		{A631045E-901A-4AB3-81E7-B221AB3818A4}.Release|x86.ActiveCfg = Release|Any CPU
		{A631045E-901A-4AB3-81E7-B221AB3818A4}.Release|x86.Build.0 = Release|Any CPU
	EndGlobalSection
	GlobalSection(SolutionProperties) = preSolution
		HideSolutionNode = FALSE
	EndGlobalSection
	GlobalSection(NestedProjects) = preSolution
		{0C1436C8-FBB9-45E5-B4C9-B3A79BAD9301} = {827E0CD3-B72D-47B6-A68D-7590B98EB39B}
		{1780134D-C509-4388-92DD-975C5892C9EC} = {827E0CD3-B72D-47B6-A68D-7590B98EB39B}
		{DC1A1601-F95D-489E-9AD2-87600B3BD85B} = {827E0CD3-B72D-47B6-A68D-7590B98EB39B}
		{F92DB0F4-6465-4760-A45A-2D4315760B99} = {827E0CD3-B72D-47B6-A68D-7590B98EB39B}
		{FBD8E590-107B-4002-8EA2-48B971284282} = {827E0CD3-B72D-47B6-A68D-7590B98EB39B}
		{2CB0F7F4-3594-42BA-AA7A-B689471DE498} = {827E0CD3-B72D-47B6-A68D-7590B98EB39B}
		{FA255A90-6F34-47B2-9F98-881F4C57F3A6} = {827E0CD3-B72D-47B6-A68D-7590B98EB39B}
		{465A80D6-705C-4051-A40C-B433182066F9} = {827E0CD3-B72D-47B6-A68D-7590B98EB39B}
		{ED583637-D18B-4866-BE4C-D0C80EA754AA} = {0AB3BF05-4346-4AA6-1389-037BE0695223}
		{881970AB-F5A1-468A-A3DA-5BA6F6B3BFF3} = {0AB3BF05-4346-4AA6-1389-037BE0695223}
		{A631045E-901A-4AB3-81E7-B221AB3818A4} = {0AB3BF05-4346-4AA6-1389-037BE0695223}
	EndGlobalSection
EndGlobal
