
Microsoft Visual Studio Solution File, Format Version 12.00
# Visual Studio Version 17
VisualStudioVersion = 17.0.31903.59
MinimumVisualStudioVersion = 10.0.40219.1
Project("{FAE04EC0-301F-11D3-BF4B-00C04F79EFBC}") = "CodeCompassProject.CodeCompass.Api", "CodeCompassProject.CodeCompass.Api\CodeCompassProject.CodeCompass.Api.csproj", "{1F159A82-2F86-4879-A392-3FFE8744C941}"
EndProject
Project("{FAE04EC0-301F-11D3-BF4B-00C04F79EFBC}") = "CodeCompassProject.CodeCompass.Application", "CodeCompassProject.CodeCompass.Application\CodeCompassProject.CodeCompass.Application.csproj", "{24B05462-31D1-4D83-A26A-D7C0A0AE985E}"
EndProject
Project("{FAE04EC0-301F-11D3-BF4B-00C04F79EFBC}") = "CodeCompassProject.CodeCompass.Domain", "CodeCompassProject.CodeCompass.Domain\CodeCompassProject.CodeCompass.Domain.csproj", "{CB039B0A-3688-4030-B5F5-61643D033F09}"
EndProject
Project("{FAE04EC0-301F-11D3-BF4B-00C04F79EFBC}") = "CodeCompassProject.CodeCompass.Repository", "CodeCompassProject.CodeCompass.Repository\CodeCompassProject.CodeCompass.Repository.csproj", "{E85C73D3-FA26-4703-BBF7-5FF351C9BC87}"
EndProject
Project("{FAE04EC0-301F-11D3-BF4B-00C04F79EFBC}") = "CodeCompassProject.CodeCompass.Test", "CodeCompassProject.CodeCompass.Test\CodeCompassProject.CodeCompass.Test.csproj", "{284E1280-7030-455D-8E34-18A429ADB76C}"
EndProject
Global
	GlobalSection(SolutionConfigurationPlatforms) = preSolution
		Debug|Any CPU = Debug|Any CPU
		Debug|x64 = Debug|x64
		Debug|x86 = Debug|x86
		Release|Any CPU = Release|Any CPU
		Release|x64 = Release|x64
		Release|x86 = Release|x86
	EndGlobalSection
	GlobalSection(ProjectConfigurationPlatforms) = postSolution
		{1F159A82-2F86-4879-A392-3FFE8744C941}.Debug|Any CPU.ActiveCfg = Debug|Any CPU
		{1F159A82-2F86-4879-A392-3FFE8744C941}.Debug|Any CPU.Build.0 = Debug|Any CPU
		{1F159A82-2F86-4879-A392-3FFE8744C941}.Debug|x64.ActiveCfg = Debug|Any CPU
		{1F159A82-2F86-4879-A392-3FFE8744C941}.Debug|x64.Build.0 = Debug|Any CPU
		{1F159A82-2F86-4879-A392-3FFE8744C941}.Debug|x86.ActiveCfg = Debug|Any CPU
		{1F159A82-2F86-4879-A392-3FFE8744C941}.Debug|x86.Build.0 = Debug|Any CPU
		{1F159A82-2F86-4879-A392-3FFE8744C941}.Release|Any CPU.ActiveCfg = Release|Any CPU
		{1F159A82-2F86-4879-A392-3FFE8744C941}.Release|Any CPU.Build.0 = Release|Any CPU
		{1F159A82-2F86-4879-A392-3FFE8744C941}.Release|x64.ActiveCfg = Release|Any CPU
		{1F159A82-2F86-4879-A392-3FFE8744C941}.Release|x64.Build.0 = Release|Any CPU
		{1F159A82-2F86-4879-A392-3FFE8744C941}.Release|x86.ActiveCfg = Release|Any CPU
		{1F159A82-2F86-4879-A392-3FFE8744C941}.Release|x86.Build.0 = Release|Any CPU
		{24B05462-31D1-4D83-A26A-D7C0A0AE985E}.Debug|Any CPU.ActiveCfg = Debug|Any CPU
		{24B05462-31D1-4D83-A26A-D7C0A0AE985E}.Debug|Any CPU.Build.0 = Debug|Any CPU
		{24B05462-31D1-4D83-A26A-D7C0A0AE985E}.Debug|x64.ActiveCfg = Debug|Any CPU
		{24B05462-31D1-4D83-A26A-D7C0A0AE985E}.Debug|x64.Build.0 = Debug|Any CPU
		{24B05462-31D1-4D83-A26A-D7C0A0AE985E}.Debug|x86.ActiveCfg = Debug|Any CPU
		{24B05462-31D1-4D83-A26A-D7C0A0AE985E}.Debug|x86.Build.0 = Debug|Any CPU
		{24B05462-31D1-4D83-A26A-D7C0A0AE985E}.Release|Any CPU.ActiveCfg = Release|Any CPU
		{24B05462-31D1-4D83-A26A-D7C0A0AE985E}.Release|Any CPU.Build.0 = Release|Any CPU
		{24B05462-31D1-4D83-A26A-D7C0A0AE985E}.Release|x64.ActiveCfg = Release|Any CPU
		{24B05462-31D1-4D83-A26A-D7C0A0AE985E}.Release|x64.Build.0 = Release|Any CPU
		{24B05462-31D1-4D83-A26A-D7C0A0AE985E}.Release|x86.ActiveCfg = Release|Any CPU
		{24B05462-31D1-4D83-A26A-D7C0A0AE985E}.Release|x86.Build.0 = Release|Any CPU
		{CB039B0A-3688-4030-B5F5-61643D033F09}.Debug|Any CPU.ActiveCfg = Debug|Any CPU
		{CB039B0A-3688-4030-B5F5-61643D033F09}.Debug|Any CPU.Build.0 = Debug|Any CPU
		{CB039B0A-3688-4030-B5F5-61643D033F09}.Debug|x64.ActiveCfg = Debug|Any CPU
		{CB039B0A-3688-4030-B5F5-61643D033F09}.Debug|x64.Build.0 = Debug|Any CPU
		{CB039B0A-3688-4030-B5F5-61643D033F09}.Debug|x86.ActiveCfg = Debug|Any CPU
		{CB039B0A-3688-4030-B5F5-61643D033F09}.Debug|x86.Build.0 = Debug|Any CPU
		{CB039B0A-3688-4030-B5F5-61643D033F09}.Release|Any CPU.ActiveCfg = Release|Any CPU
		{CB039B0A-3688-4030-B5F5-61643D033F09}.Release|Any CPU.Build.0 = Release|Any CPU
		{CB039B0A-3688-4030-B5F5-61643D033F09}.Release|x64.ActiveCfg = Release|Any CPU
		{CB039B0A-3688-4030-B5F5-61643D033F09}.Release|x64.Build.0 = Release|Any CPU
		{CB039B0A-3688-4030-B5F5-61643D033F09}.Release|x86.ActiveCfg = Release|Any CPU
		{CB039B0A-3688-4030-B5F5-61643D033F09}.Release|x86.Build.0 = Release|Any CPU
		{E85C73D3-FA26-4703-BBF7-5FF351C9BC87}.Debug|Any CPU.ActiveCfg = Debug|Any CPU
		{E85C73D3-FA26-4703-BBF7-5FF351C9BC87}.Debug|Any CPU.Build.0 = Debug|Any CPU
		{E85C73D3-FA26-4703-BBF7-5FF351C9BC87}.Debug|x64.ActiveCfg = Debug|Any CPU
		{E85C73D3-FA26-4703-BBF7-5FF351C9BC87}.Debug|x64.Build.0 = Debug|Any CPU
		{E85C73D3-FA26-4703-BBF7-5FF351C9BC87}.Debug|x86.ActiveCfg = Debug|Any CPU
		{E85C73D3-FA26-4703-BBF7-5FF351C9BC87}.Debug|x86.Build.0 = Debug|Any CPU
		{E85C73D3-FA26-4703-BBF7-5FF351C9BC87}.Release|Any CPU.ActiveCfg = Release|Any CPU
		{E85C73D3-FA26-4703-BBF7-5FF351C9BC87}.Release|Any CPU.Build.0 = Release|Any CPU
		{E85C73D3-FA26-4703-BBF7-5FF351C9BC87}.Release|x64.ActiveCfg = Release|Any CPU
		{E85C73D3-FA26-4703-BBF7-5FF351C9BC87}.Release|x64.Build.0 = Release|Any CPU
		{E85C73D3-FA26-4703-BBF7-5FF351C9BC87}.Release|x86.ActiveCfg = Release|Any CPU
		{E85C73D3-FA26-4703-BBF7-5FF351C9BC87}.Release|x86.Build.0 = Release|Any CPU
		{284E1280-7030-455D-8E34-18A429ADB76C}.Debug|Any CPU.ActiveCfg = Debug|Any CPU
		{284E1280-7030-455D-8E34-18A429ADB76C}.Debug|Any CPU.Build.0 = Debug|Any CPU
		{284E1280-7030-455D-8E34-18A429ADB76C}.Debug|x64.ActiveCfg = Debug|Any CPU
		{284E1280-7030-455D-8E34-18A429ADB76C}.Debug|x64.Build.0 = Debug|Any CPU
		{284E1280-7030-455D-8E34-18A429ADB76C}.Debug|x86.ActiveCfg = Debug|Any CPU
		{284E1280-7030-455D-8E34-18A429ADB76C}.Debug|x86.Build.0 = Debug|Any CPU
		{284E1280-7030-455D-8E34-18A429ADB76C}.Release|Any CPU.ActiveCfg = Release|Any CPU
		{284E1280-7030-455D-8E34-18A429ADB76C}.Release|Any CPU.Build.0 = Release|Any CPU
		{284E1280-7030-455D-8E34-18A429ADB76C}.Release|x64.ActiveCfg = Release|Any CPU
		{284E1280-7030-455D-8E34-18A429ADB76C}.Release|x64.Build.0 = Release|Any CPU
		{284E1280-7030-455D-8E34-18A429ADB76C}.Release|x86.ActiveCfg = Release|Any CPU
		{284E1280-7030-455D-8E34-18A429ADB76C}.Release|x86.Build.0 = Release|Any CPU
	EndGlobalSection
	GlobalSection(SolutionProperties) = preSolution
		HideSolutionNode = FALSE
	EndGlobalSection
EndGlobal
